
Microsoft Visual Studio Solution File, Format Version 12.00
# Visual Studio Version 18
VisualStudioVersion = 18.3.11206.111 d18.3
MinimumVisualStudioVersion = 10.0.40219.1
Project("{FAE04EC0-301F-11D3-BF4B-00C04F79EFBC}") = "SMM.API", "SMM.API\SMM.API.csproj", "{1CB2154B-7480-4A1A-9AC3-76B9A2194B80}"
EndProject
Project("{FAE04EC0-301F-11D3-BF4B-00C04F79EFBC}") = "SMM.Domain", "SMM.Domain\SMM.Domain.csproj", "{C102F81F-06F0-4795-8F12-AB7E9EC40296}"
EndProject
Project("{FAE04EC0-301F-11D3-BF4B-00C04F79EFBC}") = "SMM.Persistence", "SMM.Persistence\SMM.Persistence.csproj", "{202EDB9E-E76C-4383-A47E-235E0D56A9DD}"
EndProject
Project("{FAE04EC0-301F-11D3-BF4B-00C04F79EFBC}") = "SMM.Application", "SMM.Application\SMM.Application.csproj", "{E878B58A-F93B-4E30-97A8-165270252138}"
EndProject
Global
	GlobalSection(SolutionConfigurationPlatforms) = preSolution
		Debug|Any CPU = Debug|Any CPU
		Release|Any CPU = Release|Any CPU
	EndGlobalSection
	GlobalSection(ProjectConfigurationPlatforms) = postSolution
		{1CB2154B-7480-4A1A-9AC3-76B9A2194B80}.Debug|Any CPU.ActiveCfg = Debug|Any CPU
		{1CB2154B-7480-4A1A-9AC3-76B9A2194B80}.Debug|Any CPU.Build.0 = Debug|Any CPU
		{1CB2154B-7480-4A1A-9AC3-76B9A2194B80}.Release|Any CPU.ActiveCfg = Release|Any CPU
		{1CB2154B-7480-4A1A-9AC3-76B9A2194B80}.Release|Any CPU.Build.0 = Release|Any CPU
		{C102F81F-06F0-4795-8F12-AB7E9EC40296}.Debug|Any CPU.ActiveCfg = Debug|Any CPU
		{C102F81F-06F0-4795-8F12-AB7E9EC40296}.Debug|Any CPU.Build.0 = Debug|Any CPU
		{C102F81F-06F0-4795-8F12-AB7E9EC40296}.Release|Any CPU.ActiveCfg = Release|Any CPU
		{C102F81F-06F0-4795-8F12-AB7E9EC40296}.Release|Any CPU.Build.0 = Release|Any CPU
		{202EDB9E-E76C-4383-A47E-235E0D56A9DD}.Debug|Any CPU.ActiveCfg = Debug|Any CPU
		{202EDB9E-E76C-4383-A47E-235E0D56A9DD}.Debug|Any CPU.Build.0 = Debug|Any CPU
		{202EDB9E-E76C-4383-A47E-235E0D56A9DD}.Release|Any CPU.ActiveCfg = Release|Any CPU
		{202EDB9E-E76C-4383-A47E-235E0D56A9DD}.Release|Any CPU.Build.0 = Release|Any CPU
		{E878B58A-F93B-4E30-97A8-165270252138}.Debug|Any CPU.ActiveCfg = Debug|Any CPU
		{E878B58A-F93B-4E30-97A8-165270252138}.Debug|Any CPU.Build.0 = Debug|Any CPU
		{E878B58A-F93B-4E30-97A8-165270252138}.Release|Any CPU.ActiveCfg = Release|Any CPU
		{E878B58A-F93B-4E30-97A8-165270252138}.Release|Any CPU.Build.0 = Release|Any CPU
	EndGlobalSection
	GlobalSection(SolutionProperties) = preSolution
		HideSolutionNode = FALSE
	EndGlobalSection
	GlobalSection(ExtensibilityGlobals) = postSolution
		SolutionGuid = {ECF79FAC-1F7B-4843-A530-0215AA73066C}
	EndGlobalSection
EndGlobal
